
Microsoft Visual Studio Solution File, Format Version 12.00
# Visual Studio Version 17
VisualStudioVersion = 17.6.33801.468
MinimumVisualStudioVersion = 10.0.40219.1
Project("{FAE04EC0-301F-11D3-BF4B-00C04F79EFBC}") = "EmployeeCard", "EmployeeCard\EmployeeCard.csproj", "{1BF2ED63-FD1F-4BB0-94E8-5B96334A74DE}"
EndProject
Global
	GlobalSection(SolutionConfigurationPlatforms) = preSolution
		Debug|Any CPU = Debug|Any CPU
		Release|Any CPU = Release|Any CPU
	EndGlobalSection
	GlobalSection(ProjectConfigurationPlatforms) = postSolution
		{1BF2ED63-FD1F-4BB0-94E8-5B96334A74DE}.Debug|Any CPU.ActiveCfg = Debug|Any CPU
		{1BF2ED63-FD1F-4BB0-94E8-5B96334A74DE}.Debug|Any CPU.Build.0 = Debug|Any CPU
		{1BF2ED63-FD1F-4BB0-94E8-5B96334A74DE}.Release|Any CPU.ActiveCfg = Release|Any CPU
		{1BF2ED63-FD1F-4BB0-94E8-5B96334A74DE}.Release|Any CPU.Build.0 = Release|Any CPU
	EndGlobalSection
	GlobalSection(SolutionProperties) = preSolution
		HideSolutionNode = FALSE
	EndGlobalSection
	GlobalSection(ExtensibilityGlobals) = postSolution
		SolutionGuid = {8A5C2BBA-50A3-4807-AA71-640950621C64}
	EndGlobalSection
EndGlobal
